
Microsoft Visual Studio Solution File, Format Version 12.00
# Visual Studio Version 17
VisualStudioVersion = 17.0.31612.314
MinimumVisualStudioVersion = 10.0.40219.1
Project("{54A90642-561A-4BB1-A94E-469ADEE60C69}") = "angularproject1", "angularproject1\angularproject1.esproj", "{4E156BF9-9356-45E6-A095-BC28FFFECAE4}"
EndProject
Global
	GlobalSection(SolutionConfigurationPlatforms) = preSolution
		Debug|Any CPU = Debug|Any CPU
		Release|Any CPU = Release|Any CPU
	EndGlobalSection
	GlobalSection(ProjectConfigurationPlatforms) = postSolution
		{4E156BF9-9356-45E6-A095-BC28FFFECAE4}.Debug|Any CPU.ActiveCfg = Debug|Any CPU
		{4E156BF9-9356-45E6-A095-BC28FFFECAE4}.Debug|Any CPU.Build.0 = Debug|Any CPU
		{4E156BF9-9356-45E6-A095-BC28FFFECAE4}.Debug|Any CPU.Deploy.0 = Debug|Any CPU
		{4E156BF9-9356-45E6-A095-BC28FFFECAE4}.Release|Any CPU.ActiveCfg = Release|Any CPU
		{4E156BF9-9356-45E6-A095-BC28FFFECAE4}.Release|Any CPU.Build.0 = Release|Any CPU
		{4E156BF9-9356-45E6-A095-BC28FFFECAE4}.Release|Any CPU.Deploy.0 = Release|Any CPU
	EndGlobalSection
	GlobalSection(SolutionProperties) = preSolution
		HideSolutionNode = FALSE
	EndGlobalSection
	GlobalSection(ExtensibilityGlobals) = postSolution
		SolutionGuid = {CE74C733-8582-4569-B268-1C97861725D1}
	EndGlobalSection
EndGlobal
